// !$*UTF8*$!
{
	archiveVersion = 1;
	classes = {
	};
	objectVersion = 46;
	objects = {

/* Begin PBXBuildFile section */
		DD1EB05958A2C006A9B4D2BC /* ImageDataStore.swift in Sources */ = {isa = PBXBuildFile; fileRef = DD1EB3808A4A3430F3226996 /* ImageDataStore.swift */; };
		DD1EB0A8E7E89EE44D72C316 /* PhotoListRouter.swift in Sources */ = {isa = PBXBuildFile; fileRef = DD1EB3EE01A5052840DA321F /* PhotoListRouter.swift */; };
		DD1EB263175C6354795D5A52 /* ImagePresenter.swift in Sources */ = {isa = PBXBuildFile; fileRef = DD1EBF50EC7378B533889842 /* ImagePresenter.swift */; };
		DD1EB41D46020FCE053F99D1 /* PhotoGridPresenter.swift in Sources */ = {isa = PBXBuildFile; fileRef = DD1EB1BA979C320680D0CE18 /* PhotoGridPresenter.swift */; };
		DD1EB5D805631A948410B885 /* PhotoramaViewController.swift in Sources */ = {isa = PBXBuildFile; fileRef = DD1EB587E60F81C2AD5901E2 /* PhotoramaViewController.swift */; };
		DD1EB5E3CF742D9612521E4E /* Photo.swift in Sources */ = {isa = PBXBuildFile; fileRef = DD1EBE69E72BC6D704982A73 /* Photo.swift */; };
		DD1EB63505929FB3A24DF914 /* PhotoListPresenter.swift in Sources */ = {isa = PBXBuildFile; fileRef = DD1EB388600056B8563BA163 /* PhotoListPresenter.swift */; };
		DD1EB6847928F7238FAF0FD2 /* FlickrAPI.swift in Sources */ = {isa = PBXBuildFile; fileRef = DD1EB91D09C176F4D0DB2B19 /* FlickrAPI.swift */; };
		DD1EB760DCCE46DBFB205620 /* PhotoListViewController.swift in Sources */ = {isa = PBXBuildFile; fileRef = DD1EBBDE9F6162EEBA15051C /* PhotoListViewController.swift */; };
		DD1EB853008A27722BF8EB1A /* PhotoStore.swift in Sources */ = {isa = PBXBuildFile; fileRef = DD1EB9E07AB490D2A8874B7B /* PhotoStore.swift */; };
		DD1EB8C17BDCF52EAC988794 /* PhotosInteractor.swift in Sources */ = {isa = PBXBuildFile; fileRef = DD1EB262E8601E65BC2729CF /* PhotosInteractor.swift */; };
		DD1EB8D47AB2B7F4A7A82A81 /* PhotoListCell.swift in Sources */ = {isa = PBXBuildFile; fileRef = DD1EB959A18E46F89F374752 /* PhotoListCell.swift */; };
		DD1EB9FF5BFD645301C8DA7E /* PhotoGridViewController.swift in Sources */ = {isa = PBXBuildFile; fileRef = DD1EB74EBD5FE2A1538EE00E /* PhotoGridViewController.swift */; };
		DD1EBAA1CEAE2295F66386C8 /* ImageDataInteractor.swift in Sources */ = {isa = PBXBuildFile; fileRef = DD1EB9E749DB6207B7BDDAC8 /* ImageDataInteractor.swift */; };
		DD1EBAB09AA643BCA065E643 /* PhotoGridCell.swift in Sources */ = {isa = PBXBuildFile; fileRef = DD1EB6D2DB6675602A3146D5 /* PhotoGridCell.swift */; };
		DD1EBB2754C3C37FCF43F281 /* PhotoGridRouter.swift in Sources */ = {isa = PBXBuildFile; fileRef = DD1EB2E2B7EBF24693BD1277 /* PhotoGridRouter.swift */; };
		DD1EBD6494C10D1806E56AF1 /* PhotoramaRouter.swift in Sources */ = {isa = PBXBuildFile; fileRef = DD1EB41095B51D861197AB31 /* PhotoramaRouter.swift */; };
		DD1EBF64F6CED3A2A96DA463 /* ImageViewController.swift in Sources */ = {isa = PBXBuildFile; fileRef = DD1EB3130AAE102624B3FF6B /* ImageViewController.swift */; };
		E7D3D01B1E26B70200766514 /* AppDelegate.swift in Sources */ = {isa = PBXBuildFile; fileRef = E7D3D01A1E26B70200766514 /* AppDelegate.swift */; };
		E7D3D0201E26B70200766514 /* Main.storyboard in Resources */ = {isa = PBXBuildFile; fileRef = E7D3D01E1E26B70200766514 /* Main.storyboard */; };
		E7D3D0221E26B70200766514 /* Assets.xcassets in Resources */ = {isa = PBXBuildFile; fileRef = E7D3D0211E26B70200766514 /* Assets.xcassets */; };
		E7D3D0251E26B70200766514 /* LaunchScreen.storyboard in Resources */ = {isa = PBXBuildFile; fileRef = E7D3D0231E26B70200766514 /* LaunchScreen.storyboard */; };
/* End PBXBuildFile section */

/* Begin PBXFileReference section */
		DD1EB1BA979C320680D0CE18 /* PhotoGridPresenter.swift */ = {isa = PBXFileReference; fileEncoding = 4; lastKnownFileType = sourcecode.swift; path = PhotoGridPresenter.swift; sourceTree = "<group>"; };
		DD1EB262E8601E65BC2729CF /* PhotosInteractor.swift */ = {isa = PBXFileReference; fileEncoding = 4; lastKnownFileType = sourcecode.swift; path = PhotosInteractor.swift; sourceTree = "<group>"; };
		DD1EB2E2B7EBF24693BD1277 /* PhotoGridRouter.swift */ = {isa = PBXFileReference; fileEncoding = 4; lastKnownFileType = sourcecode.swift; path = PhotoGridRouter.swift; sourceTree = "<group>"; };
		DD1EB3130AAE102624B3FF6B /* ImageViewController.swift */ = {isa = PBXFileReference; fileEncoding = 4; lastKnownFileType = sourcecode.swift; path = ImageViewController.swift; sourceTree = "<group>"; };
		DD1EB3808A4A3430F3226996 /* ImageDataStore.swift */ = {isa = PBXFileReference; fileEncoding = 4; lastKnownFileType = sourcecode.swift; path = ImageDataStore.swift; sourceTree = "<group>"; };
		DD1EB388600056B8563BA163 /* PhotoListPresenter.swift */ = {isa = PBXFileReference; fileEncoding = 4; lastKnownFileType = sourcecode.swift; path = PhotoListPresenter.swift; sourceTree = "<group>"; };
		DD1EB3EE01A5052840DA321F /* PhotoListRouter.swift */ = {isa = PBXFileReference; fileEncoding = 4; lastKnownFileType = sourcecode.swift; path = PhotoListRouter.swift; sourceTree = "<group>"; };
		DD1EB41095B51D861197AB31 /* PhotoramaRouter.swift */ = {isa = PBXFileReference; fileEncoding = 4; lastKnownFileType = sourcecode.swift; path = PhotoramaRouter.swift; sourceTree = "<group>"; };
		DD1EB587E60F81C2AD5901E2 /* PhotoramaViewController.swift */ = {isa = PBXFileReference; fileEncoding = 4; lastKnownFileType = sourcecode.swift; path = PhotoramaViewController.swift; sourceTree = "<group>"; };
		DD1EB6D2DB6675602A3146D5 /* PhotoGridCell.swift */ = {isa = PBXFileReference; fileEncoding = 4; lastKnownFileType = sourcecode.swift; path = PhotoGridCell.swift; sourceTree = "<group>"; };
		DD1EB74EBD5FE2A1538EE00E /* PhotoGridViewController.swift */ = {isa = PBXFileReference; fileEncoding = 4; lastKnownFileType = sourcecode.swift; path = PhotoGridViewController.swift; sourceTree = "<group>"; };
		DD1EB91D09C176F4D0DB2B19 /* FlickrAPI.swift */ = {isa = PBXFileReference; fileEncoding = 4; lastKnownFileType = sourcecode.swift; path = FlickrAPI.swift; sourceTree = "<group>"; };
		DD1EB959A18E46F89F374752 /* PhotoListCell.swift */ = {isa = PBXFileReference; fileEncoding = 4; lastKnownFileType = sourcecode.swift; path = PhotoListCell.swift; sourceTree = "<group>"; };
		DD1EB9E07AB490D2A8874B7B /* PhotoStore.swift */ = {isa = PBXFileReference; fileEncoding = 4; lastKnownFileType = sourcecode.swift; path = PhotoStore.swift; sourceTree = "<group>"; };
		DD1EB9E749DB6207B7BDDAC8 /* ImageDataInteractor.swift */ = {isa = PBXFileReference; fileEncoding = 4; lastKnownFileType = sourcecode.swift; path = ImageDataInteractor.swift; sourceTree = "<group>"; };
		DD1EBBDE9F6162EEBA15051C /* PhotoListViewController.swift */ = {isa = PBXFileReference; fileEncoding = 4; lastKnownFileType = sourcecode.swift; path = PhotoListViewController.swift; sourceTree = "<group>"; };
		DD1EBE69E72BC6D704982A73 /* Photo.swift */ = {isa = PBXFileReference; fileEncoding = 4; lastKnownFileType = sourcecode.swift; path = Photo.swift; sourceTree = "<group>"; };
		DD1EBF50EC7378B533889842 /* ImagePresenter.swift */ = {isa = PBXFileReference; fileEncoding = 4; lastKnownFileType = sourcecode.swift; path = ImagePresenter.swift; sourceTree = "<group>"; };
		E7D3D0171E26B70200766514 /* Photorama.app */ = {isa = PBXFileReference; explicitFileType = wrapper.application; includeInIndex = 0; path = Photorama.app; sourceTree = BUILT_PRODUCTS_DIR; };
		E7D3D01A1E26B70200766514 /* AppDelegate.swift */ = {isa = PBXFileReference; lastKnownFileType = sourcecode.swift; path = AppDelegate.swift; sourceTree = "<group>"; };
		E7D3D01F1E26B70200766514 /* Base */ = {isa = PBXFileReference; lastKnownFileType = file.storyboard; name = Base; path = Base.lproj/Main.storyboard; sourceTree = "<group>"; };
		E7D3D0211E26B70200766514 /* Assets.xcassets */ = {isa = PBXFileReference; lastKnownFileType = folder.assetcatalog; path = Assets.xcassets; sourceTree = "<group>"; };
		E7D3D0241E26B70200766514 /* Base */ = {isa = PBXFileReference; lastKnownFileType = file.storyboard; name = Base; path = Base.lproj/LaunchScreen.storyboard; sourceTree = "<group>"; };
		E7D3D0261E26B70200766514 /* Info.plist */ = {isa = PBXFileReference; lastKnownFileType = text.plist.xml; path = Info.plist; sourceTree = "<group>"; };
/* End PBXFileReference section */

/* Begin PBXFrameworksBuildPhase section */
		E7D3D0141E26B70200766514 /* Frameworks */ = {
			isa = PBXFrameworksBuildPhase;
			buildActionMask = 2147483647;
			files = (
			);
			runOnlyForDeploymentPostprocessing = 0;
		};
/* End PBXFrameworksBuildPhase section */

/* Begin PBXGroup section */
		DD1EB66048FDA5EC191385D3 /* PhotoramaScene */ = {
			isa = PBXGroup;
			children = (
				DD1EB587E60F81C2AD5901E2 /* PhotoramaViewController.swift */,
			);
			name = PhotoramaScene;
			sourceTree = "<group>";
		};
		DD1EBA0425014D22E86CEEFB /* PhotoGridScene */ = {
			isa = PBXGroup;
			children = (
				DD1EB74EBD5FE2A1538EE00E /* PhotoGridViewController.swift */,
				DD1EB6D2DB6675602A3146D5 /* PhotoGridCell.swift */,
			);
			name = PhotoGridScene;
			sourceTree = "<group>";
		};
		DD1EBD75341C1FE535236A03 /* Interactor */ = {
			isa = PBXGroup;
			children = (
				DD1EB262E8601E65BC2729CF /* PhotosInteractor.swift */,
				DD1EB9E749DB6207B7BDDAC8 /* ImageDataInteractor.swift */,
			);
			name = Interactor;
			sourceTree = "<group>";
		};
		DD1EBE8EBB7AFCC2CA7D37A0 /* Router */ = {
			isa = PBXGroup;
			children = (
				DD1EB2E2B7EBF24693BD1277 /* PhotoGridRouter.swift */,
				DD1EB41095B51D861197AB31 /* PhotoramaRouter.swift */,
				DD1EB3EE01A5052840DA321F /* PhotoListRouter.swift */,
			);
			name = Router;
			sourceTree = "<group>";
		};
		DD1EBF7AC48D7F5097D1750C /* ImageScene */ = {
			isa = PBXGroup;
			children = (
				DD1EB3130AAE102624B3FF6B /* ImageViewController.swift */,
			);
			name = ImageScene;
			sourceTree = "<group>";
		};
		DD1EBFFC4C98F10C98CF1E5E /* PhotoListScene */ = {
			isa = PBXGroup;
			children = (
				DD1EBBDE9F6162EEBA15051C /* PhotoListViewController.swift */,
				DD1EB959A18E46F89F374752 /* PhotoListCell.swift */,
			);
			name = PhotoListScene;
			sourceTree = "<group>";
		};
		E757358F1E2ACD49008A01FF /* Model */ = {
			isa = PBXGroup;
			children = (
				DD1EBE69E72BC6D704982A73 /* Photo.swift */,
				DD1EB9E07AB490D2A8874B7B /* PhotoStore.swift */,
				DD1EB91D09C176F4D0DB2B19 /* FlickrAPI.swift */,
				DD1EB3808A4A3430F3226996 /* ImageDataStore.swift */,
			);
			name = Model;
			sourceTree = "<group>";
		};
		E75735901E2ACD67008A01FF /* View */ = {
			isa = PBXGroup;
			children = (
				DD1EBA0425014D22E86CEEFB /* PhotoGridScene */,
				DD1EB66048FDA5EC191385D3 /* PhotoramaScene */,
				DD1EBFFC4C98F10C98CF1E5E /* PhotoListScene */,
				DD1EBF7AC48D7F5097D1750C /* ImageScene */,
			);
			name = View;
			sourceTree = "<group>";
		};
		E75735931E2ACDC6008A01FF /* Presenter */ = {
			isa = PBXGroup;
			children = (
				DD1EB388600056B8563BA163 /* PhotoListPresenter.swift */,
				DD1EBF50EC7378B533889842 /* ImagePresenter.swift */,
				DD1EB1BA979C320680D0CE18 /* PhotoGridPresenter.swift */,
			);
			name = Presenter;
			sourceTree = "<group>";
		};
		E7D3D00E1E26B70200766514 = {
			isa = PBXGroup;
			children = (
				E7D3D0191E26B70200766514 /* Photorama */,
				E7D3D0181E26B70200766514 /* Products */,
			);
			sourceTree = "<group>";
		};
		E7D3D0181E26B70200766514 /* Products */ = {
			isa = PBXGroup;
			children = (
				E7D3D0171E26B70200766514 /* Photorama.app */,
			);
			name = Products;
			sourceTree = "<group>";
		};
		E7D3D0191E26B70200766514 /* Photorama */ = {
			isa = PBXGroup;
			children = (
				DD1EBE8EBB7AFCC2CA7D37A0 /* Router */,
				E75735901E2ACD67008A01FF /* View */,
				DD1EBD75341C1FE535236A03 /* Interactor */,
				E75735931E2ACDC6008A01FF /* Presenter */,
				E757358F1E2ACD49008A01FF /* Model */,
				E7D3D01A1E26B70200766514 /* AppDelegate.swift */,
				E7D3D01E1E26B70200766514 /* Main.storyboard */,
				E7D3D0211E26B70200766514 /* Assets.xcassets */,
				E7D3D0231E26B70200766514 /* LaunchScreen.storyboard */,
				E7D3D0261E26B70200766514 /* Info.plist */,
			);
			path = Photorama;
			sourceTree = "<group>";
		};
/* End PBXGroup section */

/* Begin PBXNativeTarget section */
		E7D3D0161E26B70200766514 /* Photorama */ = {
			isa = PBXNativeTarget;
			buildConfigurationList = E7D3D0291E26B70200766514 /* Build configuration list for PBXNativeTarget "Photorama" */;
			buildPhases = (
				E7D3D0131E26B70200766514 /* Sources */,
				E7D3D0141E26B70200766514 /* Frameworks */,
				E7D3D0151E26B70200766514 /* Resources */,
			);
			buildRules = (
			);
			dependencies = (
			);
			name = Photorama;
			productName = Photorama;
			productReference = E7D3D0171E26B70200766514 /* Photorama.app */;
			productType = "com.apple.product-type.application";
		};
/* End PBXNativeTarget section */

/* Begin PBXProject section */
		E7D3D00F1E26B70200766514 /* Project object */ = {
			isa = PBXProject;
			attributes = {
				LastSwiftUpdateCheck = 0820;
				LastUpgradeCheck = 0820;
				ORGANIZATIONNAME = "Qiao Zhang";
				TargetAttributes = {
					E7D3D0161E26B70200766514 = {
						CreatedOnToolsVersion = 8.2;
						DevelopmentTeam = 5H9H3DSGAL;
						ProvisioningStyle = Automatic;
					};
				};
			};
			buildConfigurationList = E7D3D0121E26B70200766514 /* Build configuration list for PBXProject "Photorama" */;
			compatibilityVersion = "Xcode 3.2";
			developmentRegion = English;
			hasScannedForEncodings = 0;
			knownRegions = (
				en,
				Base,
			);
			mainGroup = E7D3D00E1E26B70200766514;
			productRefGroup = E7D3D0181E26B70200766514 /* Products */;
			projectDirPath = "";
			projectRoot = "";
			targets = (
				E7D3D0161E26B70200766514 /* Photorama */,
			);
		};
/* End PBXProject section */

/* Begin PBXResourcesBuildPhase section */
		E7D3D0151E26B70200766514 /* Resources */ = {
			isa = PBXResourcesBuildPhase;
			buildActionMask = 2147483647;
			files = (
				E7D3D0251E26B70200766514 /* LaunchScreen.storyboard in Resources */,
				E7D3D0221E26B70200766514 /* Assets.xcassets in Resources */,
				E7D3D0201E26B70200766514 /* Main.storyboard in Resources */,
			);
			runOnlyForDeploymentPostprocessing = 0;
		};
/* End PBXResourcesBuildPhase section */

/* Begin PBXSourcesBuildPhase section */
		E7D3D0131E26B70200766514 /* Sources */ = {
			isa = PBXSourcesBuildPhase;
			buildActionMask = 2147483647;
			files = (
				E7D3D01B1E26B70200766514 /* AppDelegate.swift in Sources */,
				DD1EB6847928F7238FAF0FD2 /* FlickrAPI.swift in Sources */,
				DD1EB853008A27722BF8EB1A /* PhotoStore.swift in Sources */,
				DD1EB5E3CF742D9612521E4E /* Photo.swift in Sources */,
				DD1EB63505929FB3A24DF914 /* PhotoListPresenter.swift in Sources */,
				DD1EB05958A2C006A9B4D2BC /* ImageDataStore.swift in Sources */,
				DD1EB263175C6354795D5A52 /* ImagePresenter.swift in Sources */,
				DD1EB8C17BDCF52EAC988794 /* PhotosInteractor.swift in Sources */,
				DD1EB41D46020FCE053F99D1 /* PhotoGridPresenter.swift in Sources */,
				DD1EBAA1CEAE2295F66386C8 /* ImageDataInteractor.swift in Sources */,
				DD1EB9FF5BFD645301C8DA7E /* PhotoGridViewController.swift in Sources */,
				DD1EBAB09AA643BCA065E643 /* PhotoGridCell.swift in Sources */,
				DD1EBB2754C3C37FCF43F281 /* PhotoGridRouter.swift in Sources */,
				DD1EBD6494C10D1806E56AF1 /* PhotoramaRouter.swift in Sources */,
				DD1EB5D805631A948410B885 /* PhotoramaViewController.swift in Sources */,
				DD1EB0A8E7E89EE44D72C316 /* PhotoListRouter.swift in Sources */,
				DD1EB760DCCE46DBFB205620 /* PhotoListViewController.swift in Sources */,
				DD1EB8D47AB2B7F4A7A82A81 /* PhotoListCell.swift in Sources */,
				DD1EBF64F6CED3A2A96DA463 /* ImageViewController.swift in Sources */,
			);
			runOnlyForDeploymentPostprocessing = 0;
		};
/* End PBXSourcesBuildPhase section */

/* Begin PBXVariantGroup section */
		E7D3D01E1E26B70200766514 /* Main.storyboard */ = {
			isa = PBXVariantGroup;
			children = (
				E7D3D01F1E26B70200766514 /* Base */,
			);
			name = Main.storyboard;
			sourceTree = "<group>";
		};
		E7D3D0231E26B70200766514 /* LaunchScreen.storyboard */ = {
			isa = PBXVariantGroup;
			children = (
				E7D3D0241E26B70200766514 /* Base */,
			);
			name = LaunchScreen.storyboard;
			sourceTree = "<group>";
		};
/* End PBXVariantGroup section */

/* Begin XCBuildConfiguration section */
		E7D3D0271E26B70200766514 /* Debug */ = {
			isa = XCBuildConfiguration;
			buildSettings = {
				ALWAYS_SEARCH_USER_PATHS = NO;
				CLANG_ANALYZER_NONNULL = YES;
				CLANG_CXX_LANGUAGE_STANDARD = "gnu++0x";
				CLANG_CXX_LIBRARY = "libc++";
				CLANG_ENABLE_MODULES = YES;
				CLANG_ENABLE_OBJC_ARC = YES;
				CLANG_WARN_BOOL_CONVERSION = YES;
				CLANG_WARN_CONSTANT_CONVERSION = YES;
				CLANG_WARN_DIRECT_OBJC_ISA_USAGE = YES_ERROR;
				CLANG_WARN_DOCUMENTATION_COMMENTS = YES;
				CLANG_WARN_EMPTY_BODY = YES;
				CLANG_WARN_ENUM_CONVERSION = YES;
				CLANG_WARN_INFINITE_RECURSION = YES;
				CLANG_WARN_INT_CONVERSION = YES;
				CLANG_WARN_OBJC_ROOT_CLASS = YES_ERROR;
				CLANG_WARN_SUSPICIOUS_MOVE = YES;
				CLANG_WARN_UNREACHABLE_CODE = YES;
				CLANG_WARN__DUPLICATE_METHOD_MATCH = YES;
				"CODE_SIGN_IDENTITY[sdk=iphoneos*]" = "iPhone Developer";
				COPY_PHASE_STRIP = NO;
				DEBUG_INFORMATION_FORMAT = dwarf;
				ENABLE_STRICT_OBJC_MSGSEND = YES;
				ENABLE_TESTABILITY = YES;
				GCC_C_LANGUAGE_STANDARD = gnu99;
				GCC_DYNAMIC_NO_PIC = NO;
				GCC_NO_COMMON_BLOCKS = YES;
				GCC_OPTIMIZATION_LEVEL = 0;
				GCC_PREPROCESSOR_DEFINITIONS = (
					"DEBUG=1",
					"$(inherited)",
				);
				GCC_WARN_64_TO_32_BIT_CONVERSION = YES;
				GCC_WARN_ABOUT_RETURN_TYPE = YES_ERROR;
				GCC_WARN_UNDECLARED_SELECTOR = YES;
				GCC_WARN_UNINITIALIZED_AUTOS = YES_AGGRESSIVE;
				GCC_WARN_UNUSED_FUNCTION = YES;
				GCC_WARN_UNUSED_VARIABLE = YES;
				IPHONEOS_DEPLOYMENT_TARGET = 10.2;
				MTL_ENABLE_DEBUG_INFO = YES;
				ONLY_ACTIVE_ARCH = YES;
				SDKROOT = iphoneos;
				SWIFT_ACTIVE_COMPILATION_CONDITIONS = DEBUG;
				SWIFT_OPTIMIZATION_LEVEL = "-Onone";
			};
			name = Debug;
		};
		E7D3D0281E26B70200766514 /* Release */ = {
			isa = XCBuildConfiguration;
			buildSettings = {
				ALWAYS_SEARCH_USER_PATHS = NO;
				CLANG_ANALYZER_NONNULL = YES;
				CLANG_CXX_LANGUAGE_STANDARD = "gnu++0x";
				CLANG_CXX_LIBRARY = "libc++";
				CLANG_ENABLE_MODULES = YES;
				CLANG_ENABLE_OBJC_ARC = YES;
				CLANG_WARN_BOOL_CONVERSION = YES;
				CLANG_WARN_CONSTANT_CONVERSION = YES;
				CLANG_WARN_DIRECT_OBJC_ISA_USAGE = YES_ERROR;
				CLANG_WARN_DOCUMENTATION_COMMENTS = YES;
				CLANG_WARN_EMPTY_BODY = YES;
				CLANG_WARN_ENUM_CONVERSION = YES;
				CLANG_WARN_INFINITE_RECURSION = YES;
				CLANG_WARN_INT_CONVERSION = YES;
				CLANG_WARN_OBJC_ROOT_CLASS = YES_ERROR;
				CLANG_WARN_SUSPICIOUS_MOVE = YES;
				CLANG_WARN_UNREACHABLE_CODE = YES;
				CLANG_WARN__DUPLICATE_METHOD_MATCH = YES;
				"CODE_SIGN_IDENTITY[sdk=iphoneos*]" = "iPhone Developer";
				COPY_PHASE_STRIP = NO;
				DEBUG_INFORMATION_FORMAT = "dwarf-with-dsym";
				ENABLE_NS_ASSERTIONS = NO;
				ENABLE_STRICT_OBJC_MSGSEND = YES;
				GCC_C_LANGUAGE_STANDARD = gnu99;
				GCC_NO_COMMON_BLOCKS = YES;
				GCC_WARN_64_TO_32_BIT_CONVERSION = YES;
				GCC_WARN_ABOUT_RETURN_TYPE = YES_ERROR;
				GCC_WARN_UNDECLARED_SELECTOR = YES;
				GCC_WARN_UNINITIALIZED_AUTOS = YES_AGGRESSIVE;
				GCC_WARN_UNUSED_FUNCTION = YES;
				GCC_WARN_UNUSED_VARIABLE = YES;
				IPHONEOS_DEPLOYMENT_TARGET = 10.2;
				MTL_ENABLE_DEBUG_INFO = NO;
				SDKROOT = iphoneos;
				SWIFT_OPTIMIZATION_LEVEL = "-Owholemodule";
				VALIDATE_PRODUCT = YES;
			};
			name = Release;
		};
		E7D3D02A1E26B70200766514 /* Debug */ = {
			isa = XCBuildConfiguration;
			buildSettings = {
				ASSETCATALOG_COMPILER_APPICON_NAME = AppIcon;
				DEVELOPMENT_TEAM = 5H9H3DSGAL;
				INFOPLIST_FILE = Photorama/Info.plist;
				LD_RUNPATH_SEARCH_PATHS = "$(inherited) @executable_path/Frameworks";
				PRODUCT_BUNDLE_IDENTIFIER = www.qiaozhang.Photorama;
				PRODUCT_NAME = "$(TARGET_NAME)";
				SWIFT_VERSION = 3.0;
				TARGETED_DEVICE_FAMILY = "1,2";
			};
			name = Debug;
		};
		E7D3D02B1E26B70200766514 /* Release */ = {
			isa = XCBuildConfiguration;
			buildSettings = {
				ASSETCATALOG_COMPILER_APPICON_NAME = AppIcon;
				DEVELOPMENT_TEAM = 5H9H3DSGAL;
				INFOPLIST_FILE = Photorama/Info.plist;
				LD_RUNPATH_SEARCH_PATHS = "$(inherited) @executable_path/Frameworks";
				PRODUCT_BUNDLE_IDENTIFIER = www.qiaozhang.Photorama;
				PRODUCT_NAME = "$(TARGET_NAME)";
				SWIFT_VERSION = 3.0;
				TARGETED_DEVICE_FAMILY = "1,2";
			};
			name = Release;
		};
/* End XCBuildConfiguration section */

/* Begin XCConfigurationList section */
		E7D3D0121E26B70200766514 /* Build configuration list for PBXProject "Photorama" */ = {
			isa = XCConfigurationList;
			buildConfigurations = (
				E7D3D0271E26B70200766514 /* Debug */,
				E7D3D0281E26B70200766514 /* Release */,
			);
			defaultConfigurationIsVisible = 0;
			defaultConfigurationName = Release;
		};
		E7D3D0291E26B70200766514 /* Build configuration list for PBXNativeTarget "Photorama" */ = {
			isa = XCConfigurationList;
			buildConfigurations = (
				E7D3D02A1E26B70200766514 /* Debug */,
				E7D3D02B1E26B70200766514 /* Release */,
			);
			defaultConfigurationIsVisible = 0;
			defaultConfigurationName = Release;
		};
/* End XCConfigurationList section */
	};
	rootObject = E7D3D00F1E26B70200766514 /* Project object */;
}
